
Microsoft Visual Studio Solution File, Format Version 12.00
# Visual Studio 15
VisualStudioVersion = 15.0.26228.4
MinimumVisualStudioVersion = 10.0.40219.1
Project("{FAE04EC0-301F-11D3-BF4B-00C04F79EFBC}") = "Lshp.OpenIDConnect", "Lshp.OpenIDConnect\Lshp.OpenIDConnect.csproj", "{63FE63E7-1BD2-4D17-94FC-454CF79EE414}"
EndProject
Project("{FAE04EC0-301F-11D3-BF4B-00C04F79EFBC}") = "Host", "Host\Host.csproj", "{0B3F1BC2-1831-4C5A-995A-B3C508AA8F0A}"
EndProject
Global
	GlobalSection(SolutionConfigurationPlatforms) = preSolution
		Debug|Any CPU = Debug|Any CPU
		Release|Any CPU = Release|Any CPU
	EndGlobalSection
	GlobalSection(ProjectConfigurationPlatforms) = postSolution
		{63FE63E7-1BD2-4D17-94FC-454CF79EE414}.Debug|Any CPU.ActiveCfg = Debug|Any CPU
		{63FE63E7-1BD2-4D17-94FC-454CF79EE414}.Debug|Any CPU.Build.0 = Debug|Any CPU
		{63FE63E7-1BD2-4D17-94FC-454CF79EE414}.Release|Any CPU.ActiveCfg = Release|Any CPU
		{63FE63E7-1BD2-4D17-94FC-454CF79EE414}.Release|Any CPU.Build.0 = Release|Any CPU
		{0B3F1BC2-1831-4C5A-995A-B3C508AA8F0A}.Debug|Any CPU.ActiveCfg = Debug|Any CPU
		{0B3F1BC2-1831-4C5A-995A-B3C508AA8F0A}.Debug|Any CPU.Build.0 = Debug|Any CPU
		{0B3F1BC2-1831-4C5A-995A-B3C508AA8F0A}.Release|Any CPU.ActiveCfg = Release|Any CPU
		{0B3F1BC2-1831-4C5A-995A-B3C508AA8F0A}.Release|Any CPU.Build.0 = Release|Any CPU
	EndGlobalSection
	GlobalSection(SolutionProperties) = preSolution
		HideSolutionNode = FALSE
	EndGlobalSection
EndGlobal
